
Microsoft Visual Studio Solution File, Format Version 12.00
# Visual Studio 2012
Project("{FAE04EC0-301F-11D3-BF4B-00C04F79EFBC}") = "TwitchURLGrabber", "TwitchURLGrabber\TwitchURLGrabber.csproj", "{B45956D9-E975-4F48-AC93-EAE19602DBE8}"
EndProject
Global
	GlobalSection(SolutionConfigurationPlatforms) = preSolution
		Debug|Any CPU = Debug|Any CPU
		Release|Any CPU = Release|Any CPU
	EndGlobalSection
	GlobalSection(ProjectConfigurationPlatforms) = postSolution
		{B45956D9-E975-4F48-AC93-EAE19602DBE8}.Debug|Any CPU.ActiveCfg = Debug|Any CPU
		{B45956D9-E975-4F48-AC93-EAE19602DBE8}.Debug|Any CPU.Build.0 = Debug|Any CPU
		{B45956D9-E975-4F48-AC93-EAE19602DBE8}.Release|Any CPU.ActiveCfg = Release|Any CPU
		{B45956D9-E975-4F48-AC93-EAE19602DBE8}.Release|Any CPU.Build.0 = Release|Any CPU
	EndGlobalSection
	GlobalSection(SolutionProperties) = preSolution
		HideSolutionNode = FALSE
	EndGlobalSection
EndGlobal
